Microsoft Visual Studio Solution File, Format Version 12.00
# Visual Studio Version 17
VisualStudioVersion = 17.5.2.0
MinimumVisualStudioVersion = 10.0.40219.1
Project("{FAE04EC0-301F-11D3-BF4B-00C04F79EFBC}") = "JellyfinCustoms", "JellyfinCustoms.csproj", "{8F042AFB-25BF-81C9-4A08-6087A2438443}"
EndProject
Global
	GlobalSection(SolutionConfigurationPlatforms) = preSolution
		Debug|Any CPU = Debug|Any CPU
		Release|Any CPU = Release|Any CPU
	EndGlobalSection
	GlobalSection(ProjectConfigurationPlatforms) = postSolution
		{8F042AFB-25BF-81C9-4A08-6087A2438443}.Debug|Any CPU.ActiveCfg = Debug|Any CPU
		{8F042AFB-25BF-81C9-4A08-6087A2438443}.Debug|Any CPU.Build.0 = Debug|Any CPU
		{8F042AFB-25BF-81C9-4A08-6087A2438443}.Release|Any CPU.ActiveCfg = Release|Any CPU
		{8F042AFB-25BF-81C9-4A08-6087A2438443}.Release|Any CPU.Build.0 = Release|Any CPU
	EndGlobalSection
	GlobalSection(SolutionProperties) = preSolution
		HideSolutionNode = FALSE
	EndGlobalSection
	GlobalSection(ExtensibilityGlobals) = postSolution
		SolutionGuid = {46463815-1607-4CDE-A615-AFEC9AA0C9BC}
	EndGlobalSection
EndGlobal
